Microsoft Visual Studio Solution File, Format Version 12.00
# Visual Studio Version 16
VisualStudioVersion = 16.0.29025.244
MinimumVisualStudioVersion = 10.0.40219.1
Project("{9A19103F-16F7-4668-BE54-9A1E7A4F7556}") = "Codeworx.Identity", "src\Codeworx.Identity\Codeworx.Identity.csproj", "{53D27846-16D4-493E-9B6C-C8C2C4D51BBB}"
EndProject
Project("{9A19103F-16F7-4668-BE54-9A1E7A4F7556}") = "Codeworx.Identity.Primitives", "src\Codeworx.Identity.Primitives\Codeworx.Identity.Primitives.csproj", "{E2FE73CB-7F07-4C44-82E7-3EBD7E096619}"
EndProject
Project("{2150E333-8FDC-42A3-9474-1A3956D46DE8}") = "global", "global", "{E179045A-84CC-4AAC-9E63-69D910CDA8ED}"
	ProjectSection(SolutionItems) = preProject
		global\GlobalInfo.targets = global\GlobalInfo.targets
		global\stylecop.json = global\stylecop.json
		global\Stylecop.ruleset = global\Stylecop.ruleset
	EndProjectSection
EndProject
Project("{2150E333-8FDC-42A3-9474-1A3956D46DE8}") = "src", "src", "{AB02A07B-9A72-4605-BCC3-C2C46357DC0F}"
EndProject
Project("{2150E333-8FDC-42A3-9474-1A3956D46DE8}") = "tests", "tests", "{2E062D53-102F-4971-99B0-5D7F40FC78D6}"
EndProject
Project("{9A19103F-16F7-4668-BE54-9A1E7A4F7556}") = "Codeworx.Identity.Test", "tests\Codeworx.Identity.Test\Codeworx.Identity.Test.csproj", "{079B7667-28FD-489F-96A2-03656CB67FFC}"
EndProject
Project("{9A19103F-16F7-4668-BE54-9A1E7A4F7556}") = "Codeworx.Identity.AspNetCore", "src\Codeworx.Identity.AspNetCore\Codeworx.Identity.AspNetCore.csproj", "{4170D9C3-470B-46C1-A4FE-DAFEA5EB4D65}"
EndProject
Project("{9A19103F-16F7-4668-BE54-9A1E7A4F7556}") = "Codeworx.Identity.EntityFrameworkCore", "src\Codeworx.Identity.EntityFrameworkCore\Codeworx.Identity.EntityFrameworkCore.csproj", "{EDADF31D-99C7-4483-A0A8-36B0ABE4A350}"
EndProject
Project("{9A19103F-16F7-4668-BE54-9A1E7A4F7556}") = "Codeworx.Identity.Cryptography", "src\Codeworx.Identity.Cryptography\Codeworx.Identity.Cryptography.csproj", "{3E17DF13-D14C-4BC5-B711-81B0B06DA63F}"
EndProject
Project("{9A19103F-16F7-4668-BE54-9A1E7A4F7556}") = "Codeworx.Identity.Web.Test", "tests\Codeworx.Identity.Web.Test\Codeworx.Identity.Web.Test.csproj", "{224C8DAA-7EF9-485D-A7A3-F0CA4E05FCF1}"
EndProject
Project("{9A19103F-16F7-4668-BE54-9A1E7A4F7556}") = "Codeworx.Identity.Test.Theme", "tests\Codeworx.Identity.Test.Theme\Codeworx.Identity.Test.Theme.csproj", "{9C4702C2-F96A-4E73-9F8F-6E0A9C9BCA7D}"
EndProject
Project("{FAE04EC0-301F-11D3-BF4B-00C04F79EFBC}") = "Codeworx.Identity.Test.Provider", "tests\Codeworx.Identity.Test.Provider\Codeworx.Identity.Test.Provider.csproj", "{F7D13761-C90A-49FD-9AC8-9864838F3914}"
EndProject
Global
	GlobalSection(SolutionConfigurationPlatforms) = preSolution
		Debug|Any CPU = Debug|Any CPU
		Debug|x64 = Debug|x64
		Debug|x86 = Debug|x86
		Release|Any CPU = Release|Any CPU
		Release|x64 = Release|x64
		Release|x86 = Release|x86
	EndGlobalSection
	GlobalSection(ProjectConfigurationPlatforms) = postSolution
		{53D27846-16D4-493E-9B6C-C8C2C4D51BBB}.Debug|Any CPU.ActiveCfg = Debug|Any CPU
		{53D27846-16D4-493E-9B6C-C8C2C4D51BBB}.Debug|Any CPU.Build.0 = Debug|Any CPU
		{53D27846-16D4-493E-9B6C-C8C2C4D51BBB}.Debug|x64.ActiveCfg = Debug|Any CPU
		{53D27846-16D4-493E-9B6C-C8C2C4D51BBB}.Debug|x86.ActiveCfg = Debug|Any CPU
		{53D27846-16D4-493E-9B6C-C8C2C4D51BBB}.Release|Any CPU.ActiveCfg = Release|Any CPU
		{53D27846-16D4-493E-9B6C-C8C2C4D51BBB}.Release|Any CPU.Build.0 = Release|Any CPU
		{53D27846-16D4-493E-9B6C-C8C2C4D51BBB}.Release|x64.ActiveCfg = Release|Any CPU
		{53D27846-16D4-493E-9B6C-C8C2C4D51BBB}.Release|x86.ActiveCfg = Release|Any CPU
		{E2FE73CB-7F07-4C44-82E7-3EBD7E096619}.Debug|Any CPU.ActiveCfg = Debug|Any CPU
		{E2FE73CB-7F07-4C44-82E7-3EBD7E096619}.Debug|Any CPU.Build.0 = Debug|Any CPU
		{E2FE73CB-7F07-4C44-82E7-3EBD7E096619}.Debug|x64.ActiveCfg = Debug|Any CPU
		{E2FE73CB-7F07-4C44-82E7-3EBD7E096619}.Debug|x86.ActiveCfg = Debug|Any CPU
		{E2FE73CB-7F07-4C44-82E7-3EBD7E096619}.Release|Any CPU.ActiveCfg = Release|Any CPU
		{E2FE73CB-7F07-4C44-82E7-3EBD7E096619}.Release|Any CPU.Build.0 = Release|Any CPU
		{E2FE73CB-7F07-4C44-82E7-3EBD7E096619}.Release|x64.ActiveCfg = Release|Any CPU
		{E2FE73CB-7F07-4C44-82E7-3EBD7E096619}.Release|x86.ActiveCfg = Release|Any CPU
		{079B7667-28FD-489F-96A2-03656CB67FFC}.Debug|Any CPU.ActiveCfg = Debug|Any CPU
		{079B7667-28FD-489F-96A2-03656CB67FFC}.Debug|Any CPU.Build.0 = Debug|Any CPU
		{079B7667-28FD-489F-96A2-03656CB67FFC}.Debug|x64.ActiveCfg = Debug|Any CPU
		{079B7667-28FD-489F-96A2-03656CB67FFC}.Debug|x64.Build.0 = Debug|Any CPU
		{079B7667-28FD-489F-96A2-03656CB67FFC}.Debug|x86.ActiveCfg = Debug|Any CPU
		{079B7667-28FD-489F-96A2-03656CB67FFC}.Debug|x86.Build.0 = Debug|Any CPU
		{079B7667-28FD-489F-96A2-03656CB67FFC}.Release|Any CPU.ActiveCfg = Release|Any CPU
		{079B7667-28FD-489F-96A2-03656CB67FFC}.Release|Any CPU.Build.0 = Release|Any CPU
		{079B7667-28FD-489F-96A2-03656CB67FFC}.Release|x64.ActiveCfg = Release|Any CPU
		{079B7667-28FD-489F-96A2-03656CB67FFC}.Release|x64.Build.0 = Release|Any CPU
		{079B7667-28FD-489F-96A2-03656CB67FFC}.Release|x86.ActiveCfg = Release|Any CPU
		{079B7667-28FD-489F-96A2-03656CB67FFC}.Release|x86.Build.0 = Release|Any CPU
		{4170D9C3-470B-46C1-A4FE-DAFEA5EB4D65}.Debug|Any CPU.ActiveCfg = Debug|Any CPU
		{4170D9C3-470B-46C1-A4FE-DAFEA5EB4D65}.Debug|Any CPU.Build.0 = Debug|Any CPU
		{4170D9C3-470B-46C1-A4FE-DAFEA5EB4D65}.Debug|x64.ActiveCfg = Debug|Any CPU
		{4170D9C3-470B-46C1-A4FE-DAFEA5EB4D65}.Debug|x64.Build.0 = Debug|Any CPU
		{4170D9C3-470B-46C1-A4FE-DAFEA5EB4D65}.Debug|x86.ActiveCfg = Debug|Any CPU
		{4170D9C3-470B-46C1-A4FE-DAFEA5EB4D65}.Debug|x86.Build.0 = Debug|Any CPU
		{4170D9C3-470B-46C1-A4FE-DAFEA5EB4D65}.Release|Any CPU.ActiveCfg = Release|Any CPU
		{4170D9C3-470B-46C1-A4FE-DAFEA5EB4D65}.Release|Any CPU.Build.0 = Release|Any CPU
		{4170D9C3-470B-46C1-A4FE-DAFEA5EB4D65}.Release|x64.ActiveCfg = Release|Any CPU
		{4170D9C3-470B-46C1-A4FE-DAFEA5EB4D65}.Release|x64.Build.0 = Release|Any CPU
		{4170D9C3-470B-46C1-A4FE-DAFEA5EB4D65}.Release|x86.ActiveCfg = Release|Any CPU
		{4170D9C3-470B-46C1-A4FE-DAFEA5EB4D65}.Release|x86.Build.0 = Release|Any CPU
		{EDADF31D-99C7-4483-A0A8-36B0ABE4A350}.Debug|Any CPU.ActiveCfg = Debug|Any CPU
		{EDADF31D-99C7-4483-A0A8-36B0ABE4A350}.Debug|Any CPU.Build.0 = Debug|Any CPU
		{EDADF31D-99C7-4483-A0A8-36B0ABE4A350}.Debug|x64.ActiveCfg = Debug|Any CPU
		{EDADF31D-99C7-4483-A0A8-36B0ABE4A350}.Debug|x64.Build.0 = Debug|Any CPU
		{EDADF31D-99C7-4483-A0A8-36B0ABE4A350}.Debug|x86.ActiveCfg = Debug|Any CPU
		{EDADF31D-99C7-4483-A0A8-36B0ABE4A350}.Debug|x86.Build.0 = Debug|Any CPU
		{EDADF31D-99C7-4483-A0A8-36B0ABE4A350}.Release|Any CPU.ActiveCfg = Release|Any CPU
		{EDADF31D-99C7-4483-A0A8-36B0ABE4A350}.Release|Any CPU.Build.0 = Release|Any CPU
		{EDADF31D-99C7-4483-A0A8-36B0ABE4A350}.Release|x64.ActiveCfg = Release|Any CPU
		{EDADF31D-99C7-4483-A0A8-36B0ABE4A350}.Release|x64.Build.0 = Release|Any CPU
		{EDADF31D-99C7-4483-A0A8-36B0ABE4A350}.Release|x86.ActiveCfg = Release|Any CPU
		{EDADF31D-99C7-4483-A0A8-36B0ABE4A350}.Release|x86.Build.0 = Release|Any CPU
		{3E17DF13-D14C-4BC5-B711-81B0B06DA63F}.Debug|Any CPU.ActiveCfg = Debug|Any CPU
		{3E17DF13-D14C-4BC5-B711-81B0B06DA63F}.Debug|Any CPU.Build.0 = Debug|Any CPU
		{3E17DF13-D14C-4BC5-B711-81B0B06DA63F}.Debug|x64.ActiveCfg = Debug|Any CPU
		{3E17DF13-D14C-4BC5-B711-81B0B06DA63F}.Debug|x64.Build.0 = Debug|Any CPU
		{3E17DF13-D14C-4BC5-B711-81B0B06DA63F}.Debug|x86.ActiveCfg = Debug|Any CPU
		{3E17DF13-D14C-4BC5-B711-81B0B06DA63F}.Debug|x86.Build.0 = Debug|Any CPU
		{3E17DF13-D14C-4BC5-B711-81B0B06DA63F}.Release|Any CPU.ActiveCfg = Release|Any CPU
		{3E17DF13-D14C-4BC5-B711-81B0B06DA63F}.Release|Any CPU.Build.0 = Release|Any CPU
		{3E17DF13-D14C-4BC5-B711-81B0B06DA63F}.Release|x64.ActiveCfg = Release|Any CPU
		{3E17DF13-D14C-4BC5-B711-81B0B06DA63F}.Release|x64.Build.0 = Release|Any CPU
		{3E17DF13-D14C-4BC5-B711-81B0B06DA63F}.Release|x86.ActiveCfg = Release|Any CPU
		{3E17DF13-D14C-4BC5-B711-81B0B06DA63F}.Release|x86.Build.0 = Release|Any CPU
		{224C8DAA-7EF9-485D-A7A3-F0CA4E05FCF1}.Debug|Any CPU.ActiveCfg = Debug|Any CPU
		{224C8DAA-7EF9-485D-A7A3-F0CA4E05FCF1}.Debug|Any CPU.Build.0 = Debug|Any CPU
		{224C8DAA-7EF9-485D-A7A3-F0CA4E05FCF1}.Debug|x64.ActiveCfg = Debug|Any CPU
		{224C8DAA-7EF9-485D-A7A3-F0CA4E05FCF1}.Debug|x64.Build.0 = Debug|Any CPU
		{224C8DAA-7EF9-485D-A7A3-F0CA4E05FCF1}.Debug|x86.ActiveCfg = Debug|Any CPU
		{224C8DAA-7EF9-485D-A7A3-F0CA4E05FCF1}.Debug|x86.Build.0 = Debug|Any CPU
		{224C8DAA-7EF9-485D-A7A3-F0CA4E05FCF1}.Release|Any CPU.ActiveCfg = Release|Any CPU
		{224C8DAA-7EF9-485D-A7A3-F0CA4E05FCF1}.Release|Any CPU.Build.0 = Release|Any CPU
		{224C8DAA-7EF9-485D-A7A3-F0CA4E05FCF1}.Release|x64.ActiveCfg = Release|Any CPU
		{224C8DAA-7EF9-485D-A7A3-F0CA4E05FCF1}.Release|x64.Build.0 = Release|Any CPU
		{224C8DAA-7EF9-485D-A7A3-F0CA4E05FCF1}.Release|x86.ActiveCfg = Release|Any CPU
		{224C8DAA-7EF9-485D-A7A3-F0CA4E05FCF1}.Release|x86.Build.0 = Release|Any CPU
		{9C4702C2-F96A-4E73-9F8F-6E0A9C9BCA7D}.Debug|Any CPU.ActiveCfg = Debug|Any CPU
		{9C4702C2-F96A-4E73-9F8F-6E0A9C9BCA7D}.Debug|Any CPU.Build.0 = Debug|Any CPU
		{9C4702C2-F96A-4E73-9F8F-6E0A9C9BCA7D}.Debug|x64.ActiveCfg = Debug|Any CPU
		{9C4702C2-F96A-4E73-9F8F-6E0A9C9BCA7D}.Debug|x64.Build.0 = Debug|Any CPU
		{9C4702C2-F96A-4E73-9F8F-6E0A9C9BCA7D}.Debug|x86.ActiveCfg = Debug|Any CPU
		{9C4702C2-F96A-4E73-9F8F-6E0A9C9BCA7D}.Debug|x86.Build.0 = Debug|Any CPU
		{9C4702C2-F96A-4E73-9F8F-6E0A9C9BCA7D}.Release|Any CPU.ActiveCfg = Release|Any CPU
		{9C4702C2-F96A-4E73-9F8F-6E0A9C9BCA7D}.Release|Any CPU.Build.0 = Release|Any CPU
		{9C4702C2-F96A-4E73-9F8F-6E0A9C9BCA7D}.Release|x64.ActiveCfg = Release|Any CPU
		{9C4702C2-F96A-4E73-9F8F-6E0A9C9BCA7D}.Release|x64.Build.0 = Release|Any CPU
		{9C4702C2-F96A-4E73-9F8F-6E0A9C9BCA7D}.Release|x86.ActiveCfg = Release|Any CPU
		{9C4702C2-F96A-4E73-9F8F-6E0A9C9BCA7D}.Release|x86.Build.0 = Release|Any CPU
		{F7D13761-C90A-49FD-9AC8-9864838F3914}.Debug|Any CPU.ActiveCfg = Debug|Any CPU
		{F7D13761-C90A-49FD-9AC8-9864838F3914}.Debug|Any CPU.Build.0 = Debug|Any CPU
		{F7D13761-C90A-49FD-9AC8-9864838F3914}.Debug|x64.ActiveCfg = Debug|Any CPU
		{F7D13761-C90A-49FD-9AC8-9864838F3914}.Debug|x64.Build.0 = Debug|Any CPU
		{F7D13761-C90A-49FD-9AC8-9864838F3914}.Debug|x86.ActiveCfg = Debug|Any CPU
		{F7D13761-C90A-49FD-9AC8-9864838F3914}.Debug|x86.Build.0 = Debug|Any CPU
		{F7D13761-C90A-49FD-9AC8-9864838F3914}.Release|Any CPU.ActiveCfg = Release|Any CPU
		{F7D13761-C90A-49FD-9AC8-9864838F3914}.Release|Any CPU.Build.0 = Release|Any CPU
		{F7D13761-C90A-49FD-9AC8-9864838F3914}.Release|x64.ActiveCfg = Release|Any CPU
		{F7D13761-C90A-49FD-9AC8-9864838F3914}.Release|x64.Build.0 = Release|Any CPU
		{F7D13761-C90A-49FD-9AC8-9864838F3914}.Release|x86.ActiveCfg = Release|Any CPU
		{F7D13761-C90A-49FD-9AC8-9864838F3914}.Release|x86.Build.0 = Release|Any CPU
	EndGlobalSection
	GlobalSection(SolutionProperties) = preSolution
		HideSolutionNode = FALSE
	EndGlobalSection
	GlobalSection(NestedProjects) = preSolution
		{53D27846-16D4-493E-9B6C-C8C2C4D51BBB} = {AB02A07B-9A72-4605-BCC3-C2C46357DC0F}
		{E2FE73CB-7F07-4C44-82E7-3EBD7E096619} = {AB02A07B-9A72-4605-BCC3-C2C46357DC0F}
		{079B7667-28FD-489F-96A2-03656CB67FFC} = {2E062D53-102F-4971-99B0-5D7F40FC78D6}
		{4170D9C3-470B-46C1-A4FE-DAFEA5EB4D65} = {AB02A07B-9A72-4605-BCC3-C2C46357DC0F}
		{EDADF31D-99C7-4483-A0A8-36B0ABE4A350} = {AB02A07B-9A72-4605-BCC3-C2C46357DC0F}
		{3E17DF13-D14C-4BC5-B711-81B0B06DA63F} = {AB02A07B-9A72-4605-BCC3-C2C46357DC0F}
		{224C8DAA-7EF9-485D-A7A3-F0CA4E05FCF1} = {2E062D53-102F-4971-99B0-5D7F40FC78D6}
		{9C4702C2-F96A-4E73-9F8F-6E0A9C9BCA7D} = {2E062D53-102F-4971-99B0-5D7F40FC78D6}
		{F7D13761-C90A-49FD-9AC8-9864838F3914} = {2E062D53-102F-4971-99B0-5D7F40FC78D6}
	EndGlobalSection
	GlobalSection(ExtensibilityGlobals) = postSolution
		SolutionGuid = {3F4DB969-2A92-4815-934F-C78079FDC7B6}
	EndGlobalSection
EndGlobal
