Microsoft Visual Studio Solution File, Format Version 12.00
# Visual Studio Version 17
VisualStudioVersion = 17.0.32014.148
MinimumVisualStudioVersion = 10.0.40219.1
Project("{9A19103F-16F7-4668-BE54-9A1E7A4F7556}") = "Codeworx.Identity", "src\Codeworx.Identity\Codeworx.Identity.csproj", "{53D27846-16D4-493E-9B6C-C8C2C4D51BBB}"
EndProject
Project("{9A19103F-16F7-4668-BE54-9A1E7A4F7556}") = "Codeworx.Identity.Primitives", "src\Codeworx.Identity.Primitives\Codeworx.Identity.Primitives.csproj", "{E2FE73CB-7F07-4C44-82E7-3EBD7E096619}"
EndProject
Project("{2150E333-8FDC-42A3-9474-1A3956D46DE8}") = "global", "global", "{E179045A-84CC-4AAC-9E63-69D910CDA8ED}"
	ProjectSection(SolutionItems) = preProject
		directory.build.props = directory.build.props
		global\stylecop.json = global\stylecop.json
		global\stylecop.ruleset = global\stylecop.ruleset
	EndProjectSection
EndProject
Project("{2150E333-8FDC-42A3-9474-1A3956D46DE8}") = "src", "src", "{AB02A07B-9A72-4605-BCC3-C2C46357DC0F}"
EndProject
Project("{2150E333-8FDC-42A3-9474-1A3956D46DE8}") = "tests", "tests", "{2E062D53-102F-4971-99B0-5D7F40FC78D6}"
EndProject
Project("{9A19103F-16F7-4668-BE54-9A1E7A4F7556}") = "Codeworx.Identity.Test", "tests\Codeworx.Identity.Test\Codeworx.Identity.Test.csproj", "{079B7667-28FD-489F-96A2-03656CB67FFC}"
EndProject
Project("{9A19103F-16F7-4668-BE54-9A1E7A4F7556}") = "Codeworx.Identity.AspNetCore", "src\Codeworx.Identity.AspNetCore\Codeworx.Identity.AspNetCore.csproj", "{4170D9C3-470B-46C1-A4FE-DAFEA5EB4D65}"
EndProject
Project("{9A19103F-16F7-4668-BE54-9A1E7A4F7556}") = "Codeworx.Identity.EntityFrameworkCore", "src\Codeworx.Identity.EntityFrameworkCore\Codeworx.Identity.EntityFrameworkCore.csproj", "{EDADF31D-99C7-4483-A0A8-36B0ABE4A350}"
EndProject
Project("{9A19103F-16F7-4668-BE54-9A1E7A4F7556}") = "Codeworx.Identity.Cryptography", "src\Codeworx.Identity.Cryptography\Codeworx.Identity.Cryptography.csproj", "{3E17DF13-D14C-4BC5-B711-81B0B06DA63F}"
EndProject
Project("{9A19103F-16F7-4668-BE54-9A1E7A4F7556}") = "Codeworx.Identity.Web.Test", "tests\Codeworx.Identity.Web.Test\Codeworx.Identity.Web.Test.csproj", "{224C8DAA-7EF9-485D-A7A3-F0CA4E05FCF1}"
EndProject
Project("{9A19103F-16F7-4668-BE54-9A1E7A4F7556}") = "Codeworx.Identity.Test.Theme", "tests\Codeworx.Identity.Test.Theme\Codeworx.Identity.Test.Theme.csproj", "{9C4702C2-F96A-4E73-9F8F-6E0A9C9BCA7D}"
EndProject
Project("{9A19103F-16F7-4668-BE54-9A1E7A4F7556}") = "Codeworx.Identity.Test.Provider", "tests\Codeworx.Identity.Test.Provider\Codeworx.Identity.Test.Provider.csproj", "{F7D13761-C90A-49FD-9AC8-9864838F3914}"
EndProject
Project("{9A19103F-16F7-4668-BE54-9A1E7A4F7556}") = "Codeworx.Identity.Configuration", "src\Codeworx.Identity.Configuration\Codeworx.Identity.Configuration.csproj", "{D8141C1B-DB9A-4673-8654-0489935D0FA9}"
EndProject
Project("{9A19103F-16F7-4668-BE54-9A1E7A4F7556}") = "Codeworx.Identity.EntityFrameworkCore.Migrations.SqlServer", "src\Codeworx.Identity.EntityFrameworkCore.Migrations.SqlServer\Codeworx.Identity.EntityFrameworkCore.Migrations.SqlServer.csproj", "{F25964B9-CF7F-4B00-8655-1688E00C49B1}"
EndProject
Project("{9A19103F-16F7-4668-BE54-9A1E7A4F7556}") = "Codeworx.Identity.EntityFrameworkCore.Migrations.Sqlite", "src\Codeworx.Identity.EntityFrameworkCore.Migrations.Sqlite\Codeworx.Identity.EntityFrameworkCore.Migrations.Sqlite.csproj", "{BC3659B1-2568-4C43-B623-124D55902430}"
EndProject
Project("{9A19103F-16F7-4668-BE54-9A1E7A4F7556}") = "Codeworx.Identity.EntityFrameworkCore.MigrationCreator", "src\Codeworx.Identity.EntityFrameworkCore.MigrationCreator\Codeworx.Identity.EntityFrameworkCore.MigrationCreator.csproj", "{C4503AE8-68F5-4377-A8CC-B70A64FB829E}"
EndProject
Project("{9A19103F-16F7-4668-BE54-9A1E7A4F7556}") = "Codeworx.Identity.Wpf.Test", "tests\Codeworx.Identity.Wpf.Test\Codeworx.Identity.Wpf.Test.csproj", "{8B7828D7-7599-418A-B04A-0FCCB8E3EEEF}"
EndProject
Project("{9A19103F-16F7-4668-BE54-9A1E7A4F7556}") = "Codeworx.Identity.EntityFrameworkCore.Test", "tests\Codeworx.Identity.EntityFrameworkCore.Test\Codeworx.Identity.EntityFrameworkCore.Test.csproj", "{767D69AF-65BB-44E8-A0DF-1CE97F57F8FC}"
EndProject
Project("{9A19103F-16F7-4668-BE54-9A1E7A4F7556}") = "Codeworx.Identity.Api.Test", "tests\Codeworx.Identity.Api.Test\Codeworx.Identity.Api.Test.csproj", "{F4F9D878-6EF7-458E-ABA4-0F45191660D7}"
EndProject
Project("{9A19103F-16F7-4668-BE54-9A1E7A4F7556}") = "Codeworx.Identity.EntityFrameworkCore.Api", "src\Codeworx.Identity.EntityFrameworkCore.Api\Codeworx.Identity.EntityFrameworkCore.Api.csproj", "{2C6FA098-E6B5-4D62-AAF2-CFB23831A3C4}"
EndProject
Project("{9A19103F-16F7-4668-BE54-9A1E7A4F7556}") = "Codeworx.Identity.EntityFrameworkCore.Api.NSwag", "src\Codeworx.Identity.EntityFrameworkCore.Api.NSwag\Codeworx.Identity.EntityFrameworkCore.Api.NSwag.csproj", "{E3A02344-0C51-4622-B303-F38C1D344341}"
EndProject
Project("{2150E333-8FDC-42A3-9474-1A3956D46DE8}") = "api", "api", "{B269A167-BF3F-41CC-97D9-870D888919D2}"
EndProject
Project("{2150E333-8FDC-42A3-9474-1A3956D46DE8}") = "Solution Items", "Solution Items", "{87FBC444-1A0F-462E-A341-36D593E50EA5}"
	ProjectSection(SolutionItems) = preProject
		.editorconfig = .editorconfig
	EndProjectSection
EndProject
Project("{9A19103F-16F7-4668-BE54-9A1E7A4F7556}") = "Codeworx.Identity.Mfa.Totp", "src\Codeworx.Identity.Mfa.Totp\Codeworx.Identity.Mfa.Totp.csproj", "{D4ADC577-70A5-476B-9D72-422825BD6959}"
EndProject
Project("{2150E333-8FDC-42A3-9474-1A3956D46DE8}") = "database", "database", "{3AD43A8F-179D-42F9-A90F-FF03E762C376}"
EndProject
Project("{9A19103F-16F7-4668-BE54-9A1E7A4F7556}") = "Codeworx.Identity.Demo", "tests\Codeworx.Identity.Demo\Codeworx.Identity.Demo.csproj", "{A51507DD-C7C8-4861-83D6-F9A475B37F63}"
EndProject
Project("{2150E333-8FDC-42A3-9474-1A3956D46DE8}") = "demo", "demo", "{F835B7B6-E65B-498D-8EBA-3AFDF44DA99A}"
EndProject
Project("{FAE04EC0-301F-11D3-BF4B-00C04F79EFBC}") = "Codeworx.Identity.Demo.Database", "tests\Codeworx.Identity.Demo.Database\Codeworx.Identity.Demo.Database.csproj", "{351DA263-E270-416B-AA49-2F12E1242E99}"
EndProject
Global
	GlobalSection(SolutionConfigurationPlatforms) = preSolution
		Debug|Any CPU = Debug|Any CPU
		Debug|x64 = Debug|x64
		Debug|x86 = Debug|x86
		MsSql|Any CPU = MsSql|Any CPU
		MsSql|x64 = MsSql|x64
		MsSql|x86 = MsSql|x86
		Release|Any CPU = Release|Any CPU
		Release|x64 = Release|x64
		Release|x86 = Release|x86
	EndGlobalSection
	GlobalSection(ProjectConfigurationPlatforms) = postSolution
		{53D27846-16D4-493E-9B6C-C8C2C4D51BBB}.Debug|Any CPU.ActiveCfg = Debug|Any CPU
		{53D27846-16D4-493E-9B6C-C8C2C4D51BBB}.Debug|Any CPU.Build.0 = Debug|Any CPU
		{53D27846-16D4-493E-9B6C-C8C2C4D51BBB}.Debug|x64.ActiveCfg = Debug|Any CPU
		{53D27846-16D4-493E-9B6C-C8C2C4D51BBB}.Debug|x86.ActiveCfg = Debug|Any CPU
		{53D27846-16D4-493E-9B6C-C8C2C4D51BBB}.MsSql|Any CPU.ActiveCfg = MsSql|Any CPU
		{53D27846-16D4-493E-9B6C-C8C2C4D51BBB}.MsSql|Any CPU.Build.0 = MsSql|Any CPU
		{53D27846-16D4-493E-9B6C-C8C2C4D51BBB}.MsSql|x64.ActiveCfg = MsSql|Any CPU
		{53D27846-16D4-493E-9B6C-C8C2C4D51BBB}.MsSql|x64.Build.0 = MsSql|Any CPU
		{53D27846-16D4-493E-9B6C-C8C2C4D51BBB}.MsSql|x86.ActiveCfg = MsSql|Any CPU
		{53D27846-16D4-493E-9B6C-C8C2C4D51BBB}.MsSql|x86.Build.0 = MsSql|Any CPU
		{53D27846-16D4-493E-9B6C-C8C2C4D51BBB}.Release|Any CPU.ActiveCfg = Release|Any CPU
		{53D27846-16D4-493E-9B6C-C8C2C4D51BBB}.Release|Any CPU.Build.0 = Release|Any CPU
		{53D27846-16D4-493E-9B6C-C8C2C4D51BBB}.Release|x64.ActiveCfg = Release|Any CPU
		{53D27846-16D4-493E-9B6C-C8C2C4D51BBB}.Release|x86.ActiveCfg = Release|Any CPU
		{E2FE73CB-7F07-4C44-82E7-3EBD7E096619}.Debug|Any CPU.ActiveCfg = Debug|Any CPU
		{E2FE73CB-7F07-4C44-82E7-3EBD7E096619}.Debug|Any CPU.Build.0 = Debug|Any CPU
		{E2FE73CB-7F07-4C44-82E7-3EBD7E096619}.Debug|x64.ActiveCfg = Debug|Any CPU
		{E2FE73CB-7F07-4C44-82E7-3EBD7E096619}.Debug|x86.ActiveCfg = Debug|Any CPU
		{E2FE73CB-7F07-4C44-82E7-3EBD7E096619}.MsSql|Any CPU.ActiveCfg = MsSql|Any CPU
		{E2FE73CB-7F07-4C44-82E7-3EBD7E096619}.MsSql|Any CPU.Build.0 = MsSql|Any CPU
		{E2FE73CB-7F07-4C44-82E7-3EBD7E096619}.MsSql|x64.ActiveCfg = MsSql|Any CPU
		{E2FE73CB-7F07-4C44-82E7-3EBD7E096619}.MsSql|x64.Build.0 = MsSql|Any CPU
		{E2FE73CB-7F07-4C44-82E7-3EBD7E096619}.MsSql|x86.ActiveCfg = MsSql|Any CPU
		{E2FE73CB-7F07-4C44-82E7-3EBD7E096619}.MsSql|x86.Build.0 = MsSql|Any CPU
		{E2FE73CB-7F07-4C44-82E7-3EBD7E096619}.Release|Any CPU.ActiveCfg = Release|Any CPU
		{E2FE73CB-7F07-4C44-82E7-3EBD7E096619}.Release|Any CPU.Build.0 = Release|Any CPU
		{E2FE73CB-7F07-4C44-82E7-3EBD7E096619}.Release|x64.ActiveCfg = Release|Any CPU
		{E2FE73CB-7F07-4C44-82E7-3EBD7E096619}.Release|x86.ActiveCfg = Release|Any CPU
		{079B7667-28FD-489F-96A2-03656CB67FFC}.Debug|Any CPU.ActiveCfg = Debug|Any CPU
		{079B7667-28FD-489F-96A2-03656CB67FFC}.Debug|Any CPU.Build.0 = Debug|Any CPU
		{079B7667-28FD-489F-96A2-03656CB67FFC}.Debug|x64.ActiveCfg = Debug|Any CPU
		{079B7667-28FD-489F-96A2-03656CB67FFC}.Debug|x64.Build.0 = Debug|Any CPU
		{079B7667-28FD-489F-96A2-03656CB67FFC}.Debug|x86.ActiveCfg = Debug|Any CPU
		{079B7667-28FD-489F-96A2-03656CB67FFC}.Debug|x86.Build.0 = Debug|Any CPU
		{079B7667-28FD-489F-96A2-03656CB67FFC}.MsSql|Any CPU.ActiveCfg = MsSql|Any CPU
		{079B7667-28FD-489F-96A2-03656CB67FFC}.MsSql|Any CPU.Build.0 = MsSql|Any CPU
		{079B7667-28FD-489F-96A2-03656CB67FFC}.MsSql|x64.ActiveCfg = MsSql|Any CPU
		{079B7667-28FD-489F-96A2-03656CB67FFC}.MsSql|x64.Build.0 = MsSql|Any CPU
		{079B7667-28FD-489F-96A2-03656CB67FFC}.MsSql|x86.ActiveCfg = MsSql|Any CPU
		{079B7667-28FD-489F-96A2-03656CB67FFC}.MsSql|x86.Build.0 = MsSql|Any CPU
		{079B7667-28FD-489F-96A2-03656CB67FFC}.Release|Any CPU.ActiveCfg = Release|Any CPU
		{079B7667-28FD-489F-96A2-03656CB67FFC}.Release|Any CPU.Build.0 = Release|Any CPU
		{079B7667-28FD-489F-96A2-03656CB67FFC}.Release|x64.ActiveCfg = Release|Any CPU
		{079B7667-28FD-489F-96A2-03656CB67FFC}.Release|x64.Build.0 = Release|Any CPU
		{079B7667-28FD-489F-96A2-03656CB67FFC}.Release|x86.ActiveCfg = Release|Any CPU
		{079B7667-28FD-489F-96A2-03656CB67FFC}.Release|x86.Build.0 = Release|Any CPU
		{4170D9C3-470B-46C1-A4FE-DAFEA5EB4D65}.Debug|Any CPU.ActiveCfg = Debug|Any CPU
		{4170D9C3-470B-46C1-A4FE-DAFEA5EB4D65}.Debug|Any CPU.Build.0 = Debug|Any CPU
		{4170D9C3-470B-46C1-A4FE-DAFEA5EB4D65}.Debug|x64.ActiveCfg = Debug|Any CPU
		{4170D9C3-470B-46C1-A4FE-DAFEA5EB4D65}.Debug|x64.Build.0 = Debug|Any CPU
		{4170D9C3-470B-46C1-A4FE-DAFEA5EB4D65}.Debug|x86.ActiveCfg = Debug|Any CPU
		{4170D9C3-470B-46C1-A4FE-DAFEA5EB4D65}.Debug|x86.Build.0 = Debug|Any CPU
		{4170D9C3-470B-46C1-A4FE-DAFEA5EB4D65}.MsSql|Any CPU.ActiveCfg = MsSql|Any CPU
		{4170D9C3-470B-46C1-A4FE-DAFEA5EB4D65}.MsSql|Any CPU.Build.0 = MsSql|Any CPU
		{4170D9C3-470B-46C1-A4FE-DAFEA5EB4D65}.MsSql|x64.ActiveCfg = MsSql|Any CPU
		{4170D9C3-470B-46C1-A4FE-DAFEA5EB4D65}.MsSql|x64.Build.0 = MsSql|Any CPU
		{4170D9C3-470B-46C1-A4FE-DAFEA5EB4D65}.MsSql|x86.ActiveCfg = MsSql|Any CPU
		{4170D9C3-470B-46C1-A4FE-DAFEA5EB4D65}.MsSql|x86.Build.0 = MsSql|Any CPU
		{4170D9C3-470B-46C1-A4FE-DAFEA5EB4D65}.Release|Any CPU.ActiveCfg = Release|Any CPU
		{4170D9C3-470B-46C1-A4FE-DAFEA5EB4D65}.Release|Any CPU.Build.0 = Release|Any CPU
		{4170D9C3-470B-46C1-A4FE-DAFEA5EB4D65}.Release|x64.ActiveCfg = Release|Any CPU
		{4170D9C3-470B-46C1-A4FE-DAFEA5EB4D65}.Release|x64.Build.0 = Release|Any CPU
		{4170D9C3-470B-46C1-A4FE-DAFEA5EB4D65}.Release|x86.ActiveCfg = Release|Any CPU
		{4170D9C3-470B-46C1-A4FE-DAFEA5EB4D65}.Release|x86.Build.0 = Release|Any CPU
		{EDADF31D-99C7-4483-A0A8-36B0ABE4A350}.Debug|Any CPU.ActiveCfg = Debug|Any CPU
		{EDADF31D-99C7-4483-A0A8-36B0ABE4A350}.Debug|Any CPU.Build.0 = Debug|Any CPU
		{EDADF31D-99C7-4483-A0A8-36B0ABE4A350}.Debug|x64.ActiveCfg = Debug|Any CPU
		{EDADF31D-99C7-4483-A0A8-36B0ABE4A350}.Debug|x64.Build.0 = Debug|Any CPU
		{EDADF31D-99C7-4483-A0A8-36B0ABE4A350}.Debug|x86.ActiveCfg = Debug|Any CPU
		{EDADF31D-99C7-4483-A0A8-36B0ABE4A350}.Debug|x86.Build.0 = Debug|Any CPU
		{EDADF31D-99C7-4483-A0A8-36B0ABE4A350}.MsSql|Any CPU.ActiveCfg = MsSql|Any CPU
		{EDADF31D-99C7-4483-A0A8-36B0ABE4A350}.MsSql|Any CPU.Build.0 = MsSql|Any CPU
		{EDADF31D-99C7-4483-A0A8-36B0ABE4A350}.MsSql|x64.ActiveCfg = Release|Any CPU
		{EDADF31D-99C7-4483-A0A8-36B0ABE4A350}.MsSql|x64.Build.0 = Release|Any CPU
		{EDADF31D-99C7-4483-A0A8-36B0ABE4A350}.MsSql|x86.ActiveCfg = Release|Any CPU
		{EDADF31D-99C7-4483-A0A8-36B0ABE4A350}.MsSql|x86.Build.0 = Release|Any CPU
		{EDADF31D-99C7-4483-A0A8-36B0ABE4A350}.Release|Any CPU.ActiveCfg = Release|Any CPU
		{EDADF31D-99C7-4483-A0A8-36B0ABE4A350}.Release|Any CPU.Build.0 = Release|Any CPU
		{EDADF31D-99C7-4483-A0A8-36B0ABE4A350}.Release|x64.ActiveCfg = Release|Any CPU
		{EDADF31D-99C7-4483-A0A8-36B0ABE4A350}.Release|x64.Build.0 = Release|Any CPU
		{EDADF31D-99C7-4483-A0A8-36B0ABE4A350}.Release|x86.ActiveCfg = Release|Any CPU
		{EDADF31D-99C7-4483-A0A8-36B0ABE4A350}.Release|x86.Build.0 = Release|Any CPU
		{3E17DF13-D14C-4BC5-B711-81B0B06DA63F}.Debug|Any CPU.ActiveCfg = Debug|Any CPU
		{3E17DF13-D14C-4BC5-B711-81B0B06DA63F}.Debug|Any CPU.Build.0 = Debug|Any CPU
		{3E17DF13-D14C-4BC5-B711-81B0B06DA63F}.Debug|x64.ActiveCfg = Debug|Any CPU
		{3E17DF13-D14C-4BC5-B711-81B0B06DA63F}.Debug|x64.Build.0 = Debug|Any CPU
		{3E17DF13-D14C-4BC5-B711-81B0B06DA63F}.Debug|x86.ActiveCfg = Debug|Any CPU
		{3E17DF13-D14C-4BC5-B711-81B0B06DA63F}.Debug|x86.Build.0 = Debug|Any CPU
		{3E17DF13-D14C-4BC5-B711-81B0B06DA63F}.MsSql|Any CPU.ActiveCfg = Release|Any CPU
		{3E17DF13-D14C-4BC5-B711-81B0B06DA63F}.MsSql|Any CPU.Build.0 = Release|Any CPU
		{3E17DF13-D14C-4BC5-B711-81B0B06DA63F}.MsSql|x64.ActiveCfg = Release|Any CPU
		{3E17DF13-D14C-4BC5-B711-81B0B06DA63F}.MsSql|x64.Build.0 = Release|Any CPU
		{3E17DF13-D14C-4BC5-B711-81B0B06DA63F}.MsSql|x86.ActiveCfg = Release|Any CPU
		{3E17DF13-D14C-4BC5-B711-81B0B06DA63F}.MsSql|x86.Build.0 = Release|Any CPU
		{3E17DF13-D14C-4BC5-B711-81B0B06DA63F}.Release|Any CPU.ActiveCfg = Release|Any CPU
		{3E17DF13-D14C-4BC5-B711-81B0B06DA63F}.Release|Any CPU.Build.0 = Release|Any CPU
		{3E17DF13-D14C-4BC5-B711-81B0B06DA63F}.Release|x64.ActiveCfg = Release|Any CPU
		{3E17DF13-D14C-4BC5-B711-81B0B06DA63F}.Release|x64.Build.0 = Release|Any CPU
		{3E17DF13-D14C-4BC5-B711-81B0B06DA63F}.Release|x86.ActiveCfg = Release|Any CPU
		{3E17DF13-D14C-4BC5-B711-81B0B06DA63F}.Release|x86.Build.0 = Release|Any CPU
		{224C8DAA-7EF9-485D-A7A3-F0CA4E05FCF1}.Debug|Any CPU.ActiveCfg = Debug|Any CPU
		{224C8DAA-7EF9-485D-A7A3-F0CA4E05FCF1}.Debug|Any CPU.Build.0 = Debug|Any CPU
		{224C8DAA-7EF9-485D-A7A3-F0CA4E05FCF1}.Debug|x64.ActiveCfg = Debug|Any CPU
		{224C8DAA-7EF9-485D-A7A3-F0CA4E05FCF1}.Debug|x64.Build.0 = Debug|Any CPU
		{224C8DAA-7EF9-485D-A7A3-F0CA4E05FCF1}.Debug|x86.ActiveCfg = Debug|Any CPU
		{224C8DAA-7EF9-485D-A7A3-F0CA4E05FCF1}.Debug|x86.Build.0 = Debug|Any CPU
		{224C8DAA-7EF9-485D-A7A3-F0CA4E05FCF1}.MsSql|Any CPU.ActiveCfg = Release|Any CPU
		{224C8DAA-7EF9-485D-A7A3-F0CA4E05FCF1}.MsSql|Any CPU.Build.0 = Release|Any CPU
		{224C8DAA-7EF9-485D-A7A3-F0CA4E05FCF1}.MsSql|x64.ActiveCfg = Release|Any CPU
		{224C8DAA-7EF9-485D-A7A3-F0CA4E05FCF1}.MsSql|x64.Build.0 = Release|Any CPU
		{224C8DAA-7EF9-485D-A7A3-F0CA4E05FCF1}.MsSql|x86.ActiveCfg = Release|Any CPU
		{224C8DAA-7EF9-485D-A7A3-F0CA4E05FCF1}.MsSql|x86.Build.0 = Release|Any CPU
		{224C8DAA-7EF9-485D-A7A3-F0CA4E05FCF1}.Release|Any CPU.ActiveCfg = Release|Any CPU
		{224C8DAA-7EF9-485D-A7A3-F0CA4E05FCF1}.Release|Any CPU.Build.0 = Release|Any CPU
		{224C8DAA-7EF9-485D-A7A3-F0CA4E05FCF1}.Release|x64.ActiveCfg = Release|Any CPU
		{224C8DAA-7EF9-485D-A7A3-F0CA4E05FCF1}.Release|x64.Build.0 = Release|Any CPU
		{224C8DAA-7EF9-485D-A7A3-F0CA4E05FCF1}.Release|x86.ActiveCfg = Release|Any CPU
		{224C8DAA-7EF9-485D-A7A3-F0CA4E05FCF1}.Release|x86.Build.0 = Release|Any CPU
		{9C4702C2-F96A-4E73-9F8F-6E0A9C9BCA7D}.Debug|Any CPU.ActiveCfg = Debug|Any CPU
		{9C4702C2-F96A-4E73-9F8F-6E0A9C9BCA7D}.Debug|Any CPU.Build.0 = Debug|Any CPU
		{9C4702C2-F96A-4E73-9F8F-6E0A9C9BCA7D}.Debug|x64.ActiveCfg = Debug|Any CPU
		{9C4702C2-F96A-4E73-9F8F-6E0A9C9BCA7D}.Debug|x64.Build.0 = Debug|Any CPU
		{9C4702C2-F96A-4E73-9F8F-6E0A9C9BCA7D}.Debug|x86.ActiveCfg = Debug|Any CPU
		{9C4702C2-F96A-4E73-9F8F-6E0A9C9BCA7D}.Debug|x86.Build.0 = Debug|Any CPU
		{9C4702C2-F96A-4E73-9F8F-6E0A9C9BCA7D}.MsSql|Any CPU.ActiveCfg = Release|Any CPU
		{9C4702C2-F96A-4E73-9F8F-6E0A9C9BCA7D}.MsSql|Any CPU.Build.0 = Release|Any CPU
		{9C4702C2-F96A-4E73-9F8F-6E0A9C9BCA7D}.MsSql|x64.ActiveCfg = Release|Any CPU
		{9C4702C2-F96A-4E73-9F8F-6E0A9C9BCA7D}.MsSql|x64.Build.0 = Release|Any CPU
		{9C4702C2-F96A-4E73-9F8F-6E0A9C9BCA7D}.MsSql|x86.ActiveCfg = Release|Any CPU
		{9C4702C2-F96A-4E73-9F8F-6E0A9C9BCA7D}.MsSql|x86.Build.0 = Release|Any CPU
		{9C4702C2-F96A-4E73-9F8F-6E0A9C9BCA7D}.Release|Any CPU.ActiveCfg = Release|Any CPU
		{9C4702C2-F96A-4E73-9F8F-6E0A9C9BCA7D}.Release|Any CPU.Build.0 = Release|Any CPU
		{9C4702C2-F96A-4E73-9F8F-6E0A9C9BCA7D}.Release|x64.ActiveCfg = Release|Any CPU
		{9C4702C2-F96A-4E73-9F8F-6E0A9C9BCA7D}.Release|x64.Build.0 = Release|Any CPU
		{9C4702C2-F96A-4E73-9F8F-6E0A9C9BCA7D}.Release|x86.ActiveCfg = Release|Any CPU
		{9C4702C2-F96A-4E73-9F8F-6E0A9C9BCA7D}.Release|x86.Build.0 = Release|Any CPU
		{F7D13761-C90A-49FD-9AC8-9864838F3914}.Debug|Any CPU.ActiveCfg = Debug|Any CPU
		{F7D13761-C90A-49FD-9AC8-9864838F3914}.Debug|Any CPU.Build.0 = Debug|Any CPU
		{F7D13761-C90A-49FD-9AC8-9864838F3914}.Debug|x64.ActiveCfg = Debug|Any CPU
		{F7D13761-C90A-49FD-9AC8-9864838F3914}.Debug|x64.Build.0 = Debug|Any CPU
		{F7D13761-C90A-49FD-9AC8-9864838F3914}.Debug|x86.ActiveCfg = Debug|Any CPU
		{F7D13761-C90A-49FD-9AC8-9864838F3914}.Debug|x86.Build.0 = Debug|Any CPU
		{F7D13761-C90A-49FD-9AC8-9864838F3914}.MsSql|Any CPU.ActiveCfg = Release|Any CPU
		{F7D13761-C90A-49FD-9AC8-9864838F3914}.MsSql|Any CPU.Build.0 = Release|Any CPU
		{F7D13761-C90A-49FD-9AC8-9864838F3914}.MsSql|x64.ActiveCfg = Release|Any CPU
		{F7D13761-C90A-49FD-9AC8-9864838F3914}.MsSql|x64.Build.0 = Release|Any CPU
		{F7D13761-C90A-49FD-9AC8-9864838F3914}.MsSql|x86.ActiveCfg = Release|Any CPU
		{F7D13761-C90A-49FD-9AC8-9864838F3914}.MsSql|x86.Build.0 = Release|Any CPU
		{F7D13761-C90A-49FD-9AC8-9864838F3914}.Release|Any CPU.ActiveCfg = Release|Any CPU
		{F7D13761-C90A-49FD-9AC8-9864838F3914}.Release|Any CPU.Build.0 = Release|Any CPU
		{F7D13761-C90A-49FD-9AC8-9864838F3914}.Release|x64.ActiveCfg = Release|Any CPU
		{F7D13761-C90A-49FD-9AC8-9864838F3914}.Release|x64.Build.0 = Release|Any CPU
		{F7D13761-C90A-49FD-9AC8-9864838F3914}.Release|x86.ActiveCfg = Release|Any CPU
		{F7D13761-C90A-49FD-9AC8-9864838F3914}.Release|x86.Build.0 = Release|Any CPU
		{D8141C1B-DB9A-4673-8654-0489935D0FA9}.Debug|Any CPU.ActiveCfg = Debug|Any CPU
		{D8141C1B-DB9A-4673-8654-0489935D0FA9}.Debug|Any CPU.Build.0 = Debug|Any CPU
		{D8141C1B-DB9A-4673-8654-0489935D0FA9}.Debug|x64.ActiveCfg = Debug|Any CPU
		{D8141C1B-DB9A-4673-8654-0489935D0FA9}.Debug|x64.Build.0 = Debug|Any CPU
		{D8141C1B-DB9A-4673-8654-0489935D0FA9}.Debug|x86.ActiveCfg = Debug|Any CPU
		{D8141C1B-DB9A-4673-8654-0489935D0FA9}.Debug|x86.Build.0 = Debug|Any CPU
		{D8141C1B-DB9A-4673-8654-0489935D0FA9}.MsSql|Any CPU.ActiveCfg = Release|Any CPU
		{D8141C1B-DB9A-4673-8654-0489935D0FA9}.MsSql|Any CPU.Build.0 = Release|Any CPU
		{D8141C1B-DB9A-4673-8654-0489935D0FA9}.MsSql|x64.ActiveCfg = Release|Any CPU
		{D8141C1B-DB9A-4673-8654-0489935D0FA9}.MsSql|x64.Build.0 = Release|Any CPU
		{D8141C1B-DB9A-4673-8654-0489935D0FA9}.MsSql|x86.ActiveCfg = Release|Any CPU
		{D8141C1B-DB9A-4673-8654-0489935D0FA9}.MsSql|x86.Build.0 = Release|Any CPU
		{D8141C1B-DB9A-4673-8654-0489935D0FA9}.Release|Any CPU.ActiveCfg = Release|Any CPU
		{D8141C1B-DB9A-4673-8654-0489935D0FA9}.Release|Any CPU.Build.0 = Release|Any CPU
		{D8141C1B-DB9A-4673-8654-0489935D0FA9}.Release|x64.ActiveCfg = Release|Any CPU
		{D8141C1B-DB9A-4673-8654-0489935D0FA9}.Release|x64.Build.0 = Release|Any CPU
		{D8141C1B-DB9A-4673-8654-0489935D0FA9}.Release|x86.ActiveCfg = Release|Any CPU
		{D8141C1B-DB9A-4673-8654-0489935D0FA9}.Release|x86.Build.0 = Release|Any CPU
		{F25964B9-CF7F-4B00-8655-1688E00C49B1}.Debug|Any CPU.ActiveCfg = Debug|Any CPU
		{F25964B9-CF7F-4B00-8655-1688E00C49B1}.Debug|Any CPU.Build.0 = Debug|Any CPU
		{F25964B9-CF7F-4B00-8655-1688E00C49B1}.Debug|x64.ActiveCfg = Debug|Any CPU
		{F25964B9-CF7F-4B00-8655-1688E00C49B1}.Debug|x64.Build.0 = Debug|Any CPU
		{F25964B9-CF7F-4B00-8655-1688E00C49B1}.Debug|x86.ActiveCfg = Debug|Any CPU
		{F25964B9-CF7F-4B00-8655-1688E00C49B1}.Debug|x86.Build.0 = Debug|Any CPU
		{F25964B9-CF7F-4B00-8655-1688E00C49B1}.MsSql|Any CPU.ActiveCfg = MsSql|Any CPU
		{F25964B9-CF7F-4B00-8655-1688E00C49B1}.MsSql|Any CPU.Build.0 = MsSql|Any CPU
		{F25964B9-CF7F-4B00-8655-1688E00C49B1}.MsSql|x64.ActiveCfg = Release|Any CPU
		{F25964B9-CF7F-4B00-8655-1688E00C49B1}.MsSql|x64.Build.0 = Release|Any CPU
		{F25964B9-CF7F-4B00-8655-1688E00C49B1}.MsSql|x86.ActiveCfg = Release|Any CPU
		{F25964B9-CF7F-4B00-8655-1688E00C49B1}.MsSql|x86.Build.0 = Release|Any CPU
		{F25964B9-CF7F-4B00-8655-1688E00C49B1}.Release|Any CPU.ActiveCfg = Release|Any CPU
		{F25964B9-CF7F-4B00-8655-1688E00C49B1}.Release|Any CPU.Build.0 = Release|Any CPU
		{F25964B9-CF7F-4B00-8655-1688E00C49B1}.Release|x64.ActiveCfg = Release|Any CPU
		{F25964B9-CF7F-4B00-8655-1688E00C49B1}.Release|x64.Build.0 = Release|Any CPU
		{F25964B9-CF7F-4B00-8655-1688E00C49B1}.Release|x86.ActiveCfg = Release|Any CPU
		{F25964B9-CF7F-4B00-8655-1688E00C49B1}.Release|x86.Build.0 = Release|Any CPU
		{BC3659B1-2568-4C43-B623-124D55902430}.Debug|Any CPU.ActiveCfg = Debug|Any CPU
		{BC3659B1-2568-4C43-B623-124D55902430}.Debug|Any CPU.Build.0 = Debug|Any CPU
		{BC3659B1-2568-4C43-B623-124D55902430}.Debug|x64.ActiveCfg = Debug|Any CPU
		{BC3659B1-2568-4C43-B623-124D55902430}.Debug|x64.Build.0 = Debug|Any CPU
		{BC3659B1-2568-4C43-B623-124D55902430}.Debug|x86.ActiveCfg = Debug|Any CPU
		{BC3659B1-2568-4C43-B623-124D55902430}.Debug|x86.Build.0 = Debug|Any CPU
		{BC3659B1-2568-4C43-B623-124D55902430}.MsSql|Any CPU.ActiveCfg = Release|Any CPU
		{BC3659B1-2568-4C43-B623-124D55902430}.MsSql|Any CPU.Build.0 = Release|Any CPU
		{BC3659B1-2568-4C43-B623-124D55902430}.MsSql|x64.ActiveCfg = Release|Any CPU
		{BC3659B1-2568-4C43-B623-124D55902430}.MsSql|x64.Build.0 = Release|Any CPU
		{BC3659B1-2568-4C43-B623-124D55902430}.MsSql|x86.ActiveCfg = Release|Any CPU
		{BC3659B1-2568-4C43-B623-124D55902430}.MsSql|x86.Build.0 = Release|Any CPU
		{BC3659B1-2568-4C43-B623-124D55902430}.Release|Any CPU.ActiveCfg = Release|Any CPU
		{BC3659B1-2568-4C43-B623-124D55902430}.Release|Any CPU.Build.0 = Release|Any CPU
		{BC3659B1-2568-4C43-B623-124D55902430}.Release|x64.ActiveCfg = Release|Any CPU
		{BC3659B1-2568-4C43-B623-124D55902430}.Release|x64.Build.0 = Release|Any CPU
		{BC3659B1-2568-4C43-B623-124D55902430}.Release|x86.ActiveCfg = Release|Any CPU
		{BC3659B1-2568-4C43-B623-124D55902430}.Release|x86.Build.0 = Release|Any CPU
		{C4503AE8-68F5-4377-A8CC-B70A64FB829E}.Debug|Any CPU.ActiveCfg = Debug|Any CPU
		{C4503AE8-68F5-4377-A8CC-B70A64FB829E}.Debug|Any CPU.Build.0 = Debug|Any CPU
		{C4503AE8-68F5-4377-A8CC-B70A64FB829E}.Debug|x64.ActiveCfg = Debug|Any CPU
		{C4503AE8-68F5-4377-A8CC-B70A64FB829E}.Debug|x64.Build.0 = Debug|Any CPU
		{C4503AE8-68F5-4377-A8CC-B70A64FB829E}.Debug|x86.ActiveCfg = Debug|Any CPU
		{C4503AE8-68F5-4377-A8CC-B70A64FB829E}.Debug|x86.Build.0 = Debug|Any CPU
		{C4503AE8-68F5-4377-A8CC-B70A64FB829E}.MsSql|Any CPU.ActiveCfg = MsSql|Any CPU
		{C4503AE8-68F5-4377-A8CC-B70A64FB829E}.MsSql|Any CPU.Build.0 = MsSql|Any CPU
		{C4503AE8-68F5-4377-A8CC-B70A64FB829E}.MsSql|x64.ActiveCfg = Release|Any CPU
		{C4503AE8-68F5-4377-A8CC-B70A64FB829E}.MsSql|x64.Build.0 = Release|Any CPU
		{C4503AE8-68F5-4377-A8CC-B70A64FB829E}.MsSql|x86.ActiveCfg = Release|Any CPU
		{C4503AE8-68F5-4377-A8CC-B70A64FB829E}.MsSql|x86.Build.0 = Release|Any CPU
		{C4503AE8-68F5-4377-A8CC-B70A64FB829E}.Release|Any CPU.ActiveCfg = Release|Any CPU
		{C4503AE8-68F5-4377-A8CC-B70A64FB829E}.Release|Any CPU.Build.0 = Release|Any CPU
		{C4503AE8-68F5-4377-A8CC-B70A64FB829E}.Release|x64.ActiveCfg = Release|Any CPU
		{C4503AE8-68F5-4377-A8CC-B70A64FB829E}.Release|x64.Build.0 = Release|Any CPU
		{C4503AE8-68F5-4377-A8CC-B70A64FB829E}.Release|x86.ActiveCfg = Release|Any CPU
		{C4503AE8-68F5-4377-A8CC-B70A64FB829E}.Release|x86.Build.0 = Release|Any CPU
		{8B7828D7-7599-418A-B04A-0FCCB8E3EEEF}.Debug|Any CPU.ActiveCfg = Debug|Any CPU
		{8B7828D7-7599-418A-B04A-0FCCB8E3EEEF}.Debug|Any CPU.Build.0 = Debug|Any CPU
		{8B7828D7-7599-418A-B04A-0FCCB8E3EEEF}.Debug|x64.ActiveCfg = Debug|Any CPU
		{8B7828D7-7599-418A-B04A-0FCCB8E3EEEF}.Debug|x64.Build.0 = Debug|Any CPU
		{8B7828D7-7599-418A-B04A-0FCCB8E3EEEF}.Debug|x86.ActiveCfg = Debug|Any CPU
		{8B7828D7-7599-418A-B04A-0FCCB8E3EEEF}.Debug|x86.Build.0 = Debug|Any CPU
		{8B7828D7-7599-418A-B04A-0FCCB8E3EEEF}.MsSql|Any CPU.ActiveCfg = Release|Any CPU
		{8B7828D7-7599-418A-B04A-0FCCB8E3EEEF}.MsSql|Any CPU.Build.0 = Release|Any CPU
		{8B7828D7-7599-418A-B04A-0FCCB8E3EEEF}.MsSql|x64.ActiveCfg = Release|Any CPU
		{8B7828D7-7599-418A-B04A-0FCCB8E3EEEF}.MsSql|x64.Build.0 = Release|Any CPU
		{8B7828D7-7599-418A-B04A-0FCCB8E3EEEF}.MsSql|x86.ActiveCfg = Release|Any CPU
		{8B7828D7-7599-418A-B04A-0FCCB8E3EEEF}.MsSql|x86.Build.0 = Release|Any CPU
		{8B7828D7-7599-418A-B04A-0FCCB8E3EEEF}.Release|Any CPU.ActiveCfg = Release|Any CPU
		{8B7828D7-7599-418A-B04A-0FCCB8E3EEEF}.Release|Any CPU.Build.0 = Release|Any CPU
		{8B7828D7-7599-418A-B04A-0FCCB8E3EEEF}.Release|x64.ActiveCfg = Release|Any CPU
		{8B7828D7-7599-418A-B04A-0FCCB8E3EEEF}.Release|x64.Build.0 = Release|Any CPU
		{8B7828D7-7599-418A-B04A-0FCCB8E3EEEF}.Release|x86.ActiveCfg = Release|Any CPU
		{8B7828D7-7599-418A-B04A-0FCCB8E3EEEF}.Release|x86.Build.0 = Release|Any CPU
		{767D69AF-65BB-44E8-A0DF-1CE97F57F8FC}.Debug|Any CPU.ActiveCfg = Debug|Any CPU
		{767D69AF-65BB-44E8-A0DF-1CE97F57F8FC}.Debug|Any CPU.Build.0 = Debug|Any CPU
		{767D69AF-65BB-44E8-A0DF-1CE97F57F8FC}.Debug|x64.ActiveCfg = Debug|Any CPU
		{767D69AF-65BB-44E8-A0DF-1CE97F57F8FC}.Debug|x64.Build.0 = Debug|Any CPU
		{767D69AF-65BB-44E8-A0DF-1CE97F57F8FC}.Debug|x86.ActiveCfg = Debug|Any CPU
		{767D69AF-65BB-44E8-A0DF-1CE97F57F8FC}.Debug|x86.Build.0 = Debug|Any CPU
		{767D69AF-65BB-44E8-A0DF-1CE97F57F8FC}.MsSql|Any CPU.ActiveCfg = Release|Any CPU
		{767D69AF-65BB-44E8-A0DF-1CE97F57F8FC}.MsSql|Any CPU.Build.0 = Release|Any CPU
		{767D69AF-65BB-44E8-A0DF-1CE97F57F8FC}.MsSql|x64.ActiveCfg = Release|Any CPU
		{767D69AF-65BB-44E8-A0DF-1CE97F57F8FC}.MsSql|x64.Build.0 = Release|Any CPU
		{767D69AF-65BB-44E8-A0DF-1CE97F57F8FC}.MsSql|x86.ActiveCfg = Release|Any CPU
		{767D69AF-65BB-44E8-A0DF-1CE97F57F8FC}.MsSql|x86.Build.0 = Release|Any CPU
		{767D69AF-65BB-44E8-A0DF-1CE97F57F8FC}.Release|Any CPU.ActiveCfg = Release|Any CPU
		{767D69AF-65BB-44E8-A0DF-1CE97F57F8FC}.Release|Any CPU.Build.0 = Release|Any CPU
		{767D69AF-65BB-44E8-A0DF-1CE97F57F8FC}.Release|x64.ActiveCfg = Release|Any CPU
		{767D69AF-65BB-44E8-A0DF-1CE97F57F8FC}.Release|x64.Build.0 = Release|Any CPU
		{767D69AF-65BB-44E8-A0DF-1CE97F57F8FC}.Release|x86.ActiveCfg = Release|Any CPU
		{767D69AF-65BB-44E8-A0DF-1CE97F57F8FC}.Release|x86.Build.0 = Release|Any CPU
		{F4F9D878-6EF7-458E-ABA4-0F45191660D7}.Debug|Any CPU.ActiveCfg = Debug|Any CPU
		{F4F9D878-6EF7-458E-ABA4-0F45191660D7}.Debug|Any CPU.Build.0 = Debug|Any CPU
		{F4F9D878-6EF7-458E-ABA4-0F45191660D7}.Debug|x64.ActiveCfg = Debug|Any CPU
		{F4F9D878-6EF7-458E-ABA4-0F45191660D7}.Debug|x64.Build.0 = Debug|Any CPU
		{F4F9D878-6EF7-458E-ABA4-0F45191660D7}.Debug|x86.ActiveCfg = Debug|Any CPU
		{F4F9D878-6EF7-458E-ABA4-0F45191660D7}.Debug|x86.Build.0 = Debug|Any CPU
		{F4F9D878-6EF7-458E-ABA4-0F45191660D7}.MsSql|Any CPU.ActiveCfg = Release|Any CPU
		{F4F9D878-6EF7-458E-ABA4-0F45191660D7}.MsSql|Any CPU.Build.0 = Release|Any CPU
		{F4F9D878-6EF7-458E-ABA4-0F45191660D7}.MsSql|x64.ActiveCfg = Release|Any CPU
		{F4F9D878-6EF7-458E-ABA4-0F45191660D7}.MsSql|x64.Build.0 = Release|Any CPU
		{F4F9D878-6EF7-458E-ABA4-0F45191660D7}.MsSql|x86.ActiveCfg = Release|Any CPU
		{F4F9D878-6EF7-458E-ABA4-0F45191660D7}.MsSql|x86.Build.0 = Release|Any CPU
		{F4F9D878-6EF7-458E-ABA4-0F45191660D7}.Release|Any CPU.ActiveCfg = Release|Any CPU
		{F4F9D878-6EF7-458E-ABA4-0F45191660D7}.Release|Any CPU.Build.0 = Release|Any CPU
		{F4F9D878-6EF7-458E-ABA4-0F45191660D7}.Release|x64.ActiveCfg = Release|Any CPU
		{F4F9D878-6EF7-458E-ABA4-0F45191660D7}.Release|x64.Build.0 = Release|Any CPU
		{F4F9D878-6EF7-458E-ABA4-0F45191660D7}.Release|x86.ActiveCfg = Release|Any CPU
		{F4F9D878-6EF7-458E-ABA4-0F45191660D7}.Release|x86.Build.0 = Release|Any CPU
		{2C6FA098-E6B5-4D62-AAF2-CFB23831A3C4}.Debug|Any CPU.ActiveCfg = Debug|Any CPU
		{2C6FA098-E6B5-4D62-AAF2-CFB23831A3C4}.Debug|Any CPU.Build.0 = Debug|Any CPU
		{2C6FA098-E6B5-4D62-AAF2-CFB23831A3C4}.Debug|x64.ActiveCfg = Debug|Any CPU
		{2C6FA098-E6B5-4D62-AAF2-CFB23831A3C4}.Debug|x64.Build.0 = Debug|Any CPU
		{2C6FA098-E6B5-4D62-AAF2-CFB23831A3C4}.Debug|x86.ActiveCfg = Debug|Any CPU
		{2C6FA098-E6B5-4D62-AAF2-CFB23831A3C4}.Debug|x86.Build.0 = Debug|Any CPU
		{2C6FA098-E6B5-4D62-AAF2-CFB23831A3C4}.MsSql|Any CPU.ActiveCfg = Release|Any CPU
		{2C6FA098-E6B5-4D62-AAF2-CFB23831A3C4}.MsSql|Any CPU.Build.0 = Release|Any CPU
		{2C6FA098-E6B5-4D62-AAF2-CFB23831A3C4}.MsSql|x64.ActiveCfg = Release|Any CPU
		{2C6FA098-E6B5-4D62-AAF2-CFB23831A3C4}.MsSql|x64.Build.0 = Release|Any CPU
		{2C6FA098-E6B5-4D62-AAF2-CFB23831A3C4}.MsSql|x86.ActiveCfg = Release|Any CPU
		{2C6FA098-E6B5-4D62-AAF2-CFB23831A3C4}.MsSql|x86.Build.0 = Release|Any CPU
		{2C6FA098-E6B5-4D62-AAF2-CFB23831A3C4}.Release|Any CPU.ActiveCfg = Release|Any CPU
		{2C6FA098-E6B5-4D62-AAF2-CFB23831A3C4}.Release|Any CPU.Build.0 = Release|Any CPU
		{2C6FA098-E6B5-4D62-AAF2-CFB23831A3C4}.Release|x64.ActiveCfg = Release|Any CPU
		{2C6FA098-E6B5-4D62-AAF2-CFB23831A3C4}.Release|x64.Build.0 = Release|Any CPU
		{2C6FA098-E6B5-4D62-AAF2-CFB23831A3C4}.Release|x86.ActiveCfg = Release|Any CPU
		{2C6FA098-E6B5-4D62-AAF2-CFB23831A3C4}.Release|x86.Build.0 = Release|Any CPU
		{E3A02344-0C51-4622-B303-F38C1D344341}.Debug|Any CPU.ActiveCfg = Debug|Any CPU
		{E3A02344-0C51-4622-B303-F38C1D344341}.Debug|Any CPU.Build.0 = Debug|Any CPU
		{E3A02344-0C51-4622-B303-F38C1D344341}.Debug|x64.ActiveCfg = Debug|Any CPU
		{E3A02344-0C51-4622-B303-F38C1D344341}.Debug|x64.Build.0 = Debug|Any CPU
		{E3A02344-0C51-4622-B303-F38C1D344341}.Debug|x86.ActiveCfg = Debug|Any CPU
		{E3A02344-0C51-4622-B303-F38C1D344341}.Debug|x86.Build.0 = Debug|Any CPU
		{E3A02344-0C51-4622-B303-F38C1D344341}.MsSql|Any CPU.ActiveCfg = Release|Any CPU
		{E3A02344-0C51-4622-B303-F38C1D344341}.MsSql|Any CPU.Build.0 = Release|Any CPU
		{E3A02344-0C51-4622-B303-F38C1D344341}.MsSql|x64.ActiveCfg = Release|Any CPU
		{E3A02344-0C51-4622-B303-F38C1D344341}.MsSql|x64.Build.0 = Release|Any CPU
		{E3A02344-0C51-4622-B303-F38C1D344341}.MsSql|x86.ActiveCfg = Release|Any CPU
		{E3A02344-0C51-4622-B303-F38C1D344341}.MsSql|x86.Build.0 = Release|Any CPU
		{E3A02344-0C51-4622-B303-F38C1D344341}.Release|Any CPU.ActiveCfg = Release|Any CPU
		{E3A02344-0C51-4622-B303-F38C1D344341}.Release|Any CPU.Build.0 = Release|Any CPU
		{E3A02344-0C51-4622-B303-F38C1D344341}.Release|x64.ActiveCfg = Release|Any CPU
		{E3A02344-0C51-4622-B303-F38C1D344341}.Release|x64.Build.0 = Release|Any CPU
		{E3A02344-0C51-4622-B303-F38C1D344341}.Release|x86.ActiveCfg = Release|Any CPU
		{E3A02344-0C51-4622-B303-F38C1D344341}.Release|x86.Build.0 = Release|Any CPU
		{D4ADC577-70A5-476B-9D72-422825BD6959}.Debug|Any CPU.ActiveCfg = Debug|Any CPU
		{D4ADC577-70A5-476B-9D72-422825BD6959}.Debug|Any CPU.Build.0 = Debug|Any CPU
		{D4ADC577-70A5-476B-9D72-422825BD6959}.Debug|x64.ActiveCfg = Debug|Any CPU
		{D4ADC577-70A5-476B-9D72-422825BD6959}.Debug|x64.Build.0 = Debug|Any CPU
		{D4ADC577-70A5-476B-9D72-422825BD6959}.Debug|x86.ActiveCfg = Debug|Any CPU
		{D4ADC577-70A5-476B-9D72-422825BD6959}.Debug|x86.Build.0 = Debug|Any CPU
		{D4ADC577-70A5-476B-9D72-422825BD6959}.MsSql|Any CPU.ActiveCfg = Debug|Any CPU
		{D4ADC577-70A5-476B-9D72-422825BD6959}.MsSql|Any CPU.Build.0 = Debug|Any CPU
		{D4ADC577-70A5-476B-9D72-422825BD6959}.MsSql|x64.ActiveCfg = Debug|Any CPU
		{D4ADC577-70A5-476B-9D72-422825BD6959}.MsSql|x64.Build.0 = Debug|Any CPU
		{D4ADC577-70A5-476B-9D72-422825BD6959}.MsSql|x86.ActiveCfg = Debug|Any CPU
		{D4ADC577-70A5-476B-9D72-422825BD6959}.MsSql|x86.Build.0 = Debug|Any CPU
		{D4ADC577-70A5-476B-9D72-422825BD6959}.Release|Any CPU.ActiveCfg = Release|Any CPU
		{D4ADC577-70A5-476B-9D72-422825BD6959}.Release|Any CPU.Build.0 = Release|Any CPU
		{D4ADC577-70A5-476B-9D72-422825BD6959}.Release|x64.ActiveCfg = Release|Any CPU
		{D4ADC577-70A5-476B-9D72-422825BD6959}.Release|x64.Build.0 = Release|Any CPU
		{D4ADC577-70A5-476B-9D72-422825BD6959}.Release|x86.ActiveCfg = Release|Any CPU
		{D4ADC577-70A5-476B-9D72-422825BD6959}.Release|x86.Build.0 = Release|Any CPU
		{A51507DD-C7C8-4861-83D6-F9A475B37F63}.Debug|Any CPU.ActiveCfg = Debug|Any CPU
		{A51507DD-C7C8-4861-83D6-F9A475B37F63}.Debug|Any CPU.Build.0 = Debug|Any CPU
		{A51507DD-C7C8-4861-83D6-F9A475B37F63}.Debug|x64.ActiveCfg = Debug|Any CPU
		{A51507DD-C7C8-4861-83D6-F9A475B37F63}.Debug|x64.Build.0 = Debug|Any CPU
		{A51507DD-C7C8-4861-83D6-F9A475B37F63}.Debug|x86.ActiveCfg = Debug|Any CPU
		{A51507DD-C7C8-4861-83D6-F9A475B37F63}.Debug|x86.Build.0 = Debug|Any CPU
		{A51507DD-C7C8-4861-83D6-F9A475B37F63}.MsSql|Any CPU.ActiveCfg = Debug|Any CPU
		{A51507DD-C7C8-4861-83D6-F9A475B37F63}.MsSql|Any CPU.Build.0 = Debug|Any CPU
		{A51507DD-C7C8-4861-83D6-F9A475B37F63}.MsSql|x64.ActiveCfg = Debug|Any CPU
		{A51507DD-C7C8-4861-83D6-F9A475B37F63}.MsSql|x64.Build.0 = Debug|Any CPU
		{A51507DD-C7C8-4861-83D6-F9A475B37F63}.MsSql|x86.ActiveCfg = Debug|Any CPU
		{A51507DD-C7C8-4861-83D6-F9A475B37F63}.MsSql|x86.Build.0 = Debug|Any CPU
		{A51507DD-C7C8-4861-83D6-F9A475B37F63}.Release|Any CPU.ActiveCfg = Release|Any CPU
		{A51507DD-C7C8-4861-83D6-F9A475B37F63}.Release|Any CPU.Build.0 = Release|Any CPU
		{A51507DD-C7C8-4861-83D6-F9A475B37F63}.Release|x64.ActiveCfg = Release|Any CPU
		{A51507DD-C7C8-4861-83D6-F9A475B37F63}.Release|x64.Build.0 = Release|Any CPU
		{A51507DD-C7C8-4861-83D6-F9A475B37F63}.Release|x86.ActiveCfg = Release|Any CPU
		{A51507DD-C7C8-4861-83D6-F9A475B37F63}.Release|x86.Build.0 = Release|Any CPU
		{351DA263-E270-416B-AA49-2F12E1242E99}.Debug|Any CPU.ActiveCfg = Debug|Any CPU
		{351DA263-E270-416B-AA49-2F12E1242E99}.Debug|Any CPU.Build.0 = Debug|Any CPU
		{351DA263-E270-416B-AA49-2F12E1242E99}.Debug|x64.ActiveCfg = Debug|Any CPU
		{351DA263-E270-416B-AA49-2F12E1242E99}.Debug|x64.Build.0 = Debug|Any CPU
		{351DA263-E270-416B-AA49-2F12E1242E99}.Debug|x86.ActiveCfg = Debug|Any CPU
		{351DA263-E270-416B-AA49-2F12E1242E99}.Debug|x86.Build.0 = Debug|Any CPU
		{351DA263-E270-416B-AA49-2F12E1242E99}.MsSql|Any CPU.ActiveCfg = Debug|Any CPU
		{351DA263-E270-416B-AA49-2F12E1242E99}.MsSql|Any CPU.Build.0 = Debug|Any CPU
		{351DA263-E270-416B-AA49-2F12E1242E99}.MsSql|x64.ActiveCfg = Debug|Any CPU
		{351DA263-E270-416B-AA49-2F12E1242E99}.MsSql|x64.Build.0 = Debug|Any CPU
		{351DA263-E270-416B-AA49-2F12E1242E99}.MsSql|x86.ActiveCfg = Debug|Any CPU
		{351DA263-E270-416B-AA49-2F12E1242E99}.MsSql|x86.Build.0 = Debug|Any CPU
		{351DA263-E270-416B-AA49-2F12E1242E99}.Release|Any CPU.ActiveCfg = Release|Any CPU
		{351DA263-E270-416B-AA49-2F12E1242E99}.Release|Any CPU.Build.0 = Release|Any CPU
		{351DA263-E270-416B-AA49-2F12E1242E99}.Release|x64.ActiveCfg = Release|Any CPU
		{351DA263-E270-416B-AA49-2F12E1242E99}.Release|x64.Build.0 = Release|Any CPU
		{351DA263-E270-416B-AA49-2F12E1242E99}.Release|x86.ActiveCfg = Release|Any CPU
		{351DA263-E270-416B-AA49-2F12E1242E99}.Release|x86.Build.0 = Release|Any CPU
	EndGlobalSection
	GlobalSection(SolutionProperties) = preSolution
		HideSolutionNode = FALSE
	EndGlobalSection
	GlobalSection(NestedProjects) = preSolution
		{53D27846-16D4-493E-9B6C-C8C2C4D51BBB} = {AB02A07B-9A72-4605-BCC3-C2C46357DC0F}
		{E2FE73CB-7F07-4C44-82E7-3EBD7E096619} = {AB02A07B-9A72-4605-BCC3-C2C46357DC0F}
		{079B7667-28FD-489F-96A2-03656CB67FFC} = {2E062D53-102F-4971-99B0-5D7F40FC78D6}
		{4170D9C3-470B-46C1-A4FE-DAFEA5EB4D65} = {AB02A07B-9A72-4605-BCC3-C2C46357DC0F}
		{EDADF31D-99C7-4483-A0A8-36B0ABE4A350} = {3AD43A8F-179D-42F9-A90F-FF03E762C376}
		{3E17DF13-D14C-4BC5-B711-81B0B06DA63F} = {AB02A07B-9A72-4605-BCC3-C2C46357DC0F}
		{224C8DAA-7EF9-485D-A7A3-F0CA4E05FCF1} = {2E062D53-102F-4971-99B0-5D7F40FC78D6}
		{9C4702C2-F96A-4E73-9F8F-6E0A9C9BCA7D} = {2E062D53-102F-4971-99B0-5D7F40FC78D6}
		{F7D13761-C90A-49FD-9AC8-9864838F3914} = {2E062D53-102F-4971-99B0-5D7F40FC78D6}
		{D8141C1B-DB9A-4673-8654-0489935D0FA9} = {AB02A07B-9A72-4605-BCC3-C2C46357DC0F}
		{F25964B9-CF7F-4B00-8655-1688E00C49B1} = {3AD43A8F-179D-42F9-A90F-FF03E762C376}
		{BC3659B1-2568-4C43-B623-124D55902430} = {3AD43A8F-179D-42F9-A90F-FF03E762C376}
		{C4503AE8-68F5-4377-A8CC-B70A64FB829E} = {3AD43A8F-179D-42F9-A90F-FF03E762C376}
		{8B7828D7-7599-418A-B04A-0FCCB8E3EEEF} = {2E062D53-102F-4971-99B0-5D7F40FC78D6}
		{767D69AF-65BB-44E8-A0DF-1CE97F57F8FC} = {2E062D53-102F-4971-99B0-5D7F40FC78D6}
		{F4F9D878-6EF7-458E-ABA4-0F45191660D7} = {2E062D53-102F-4971-99B0-5D7F40FC78D6}
		{2C6FA098-E6B5-4D62-AAF2-CFB23831A3C4} = {B269A167-BF3F-41CC-97D9-870D888919D2}
		{E3A02344-0C51-4622-B303-F38C1D344341} = {B269A167-BF3F-41CC-97D9-870D888919D2}
		{B269A167-BF3F-41CC-97D9-870D888919D2} = {AB02A07B-9A72-4605-BCC3-C2C46357DC0F}
		{D4ADC577-70A5-476B-9D72-422825BD6959} = {AB02A07B-9A72-4605-BCC3-C2C46357DC0F}
		{3AD43A8F-179D-42F9-A90F-FF03E762C376} = {AB02A07B-9A72-4605-BCC3-C2C46357DC0F}
		{A51507DD-C7C8-4861-83D6-F9A475B37F63} = {F835B7B6-E65B-498D-8EBA-3AFDF44DA99A}
		{351DA263-E270-416B-AA49-2F12E1242E99} = {F835B7B6-E65B-498D-8EBA-3AFDF44DA99A}
	EndGlobalSection
	GlobalSection(ExtensibilityGlobals) = postSolution
		SolutionGuid = {3F4DB969-2A92-4815-934F-C78079FDC7B6}
	EndGlobalSection
EndGlobal
